
Microsoft Visual Studio Solution File, Format Version 12.00
# Visual Studio Version 17
VisualStudioVersion = 17.5.002.0
MinimumVisualStudioVersion = 10.0.40219.1
Project("{9A19103F-16F7-4668-BE54-9A1E7A4F7556}") = "TicTacToe_Console", "TicTacToe_Console.csproj", "{679D1E61-04B2-4958-995E-DDE31BA0CBDE}"
EndProject
Global
	GlobalSection(SolutionConfigurationPlatforms) = preSolution
		Debug|Any CPU = Debug|Any CPU
		Release|Any CPU = Release|Any CPU
	EndGlobalSection
	GlobalSection(ProjectConfigurationPlatforms) = postSolution
		{679D1E61-04B2-4958-995E-DDE31BA0CBDE}.Debug|Any CPU.ActiveCfg = Debug|Any CPU
		{679D1E61-04B2-4958-995E-DDE31BA0CBDE}.Debug|Any CPU.Build.0 = Debug|Any CPU
		{679D1E61-04B2-4958-995E-DDE31BA0CBDE}.Release|Any CPU.ActiveCfg = Release|Any CPU
		{679D1E61-04B2-4958-995E-DDE31BA0CBDE}.Release|Any CPU.Build.0 = Release|Any CPU
	EndGlobalSection
	GlobalSection(SolutionProperties) = preSolution
		HideSolutionNode = FALSE
	EndGlobalSection
	GlobalSection(ExtensibilityGlobals) = postSolution
		SolutionGuid = {22D9C6CF-8036-4E99-8FD7-BA4A12F6C338}
	EndGlobalSection
EndGlobal
